
Microsoft Visual Studio Solution File, Format Version 12.00
# Visual Studio Version 17
VisualStudioVersion = 17.3.32901.215
MinimumVisualStudioVersion = 10.0.40219.1
Project("{2150E333-8FDC-42A3-9474-1A3956D46DE8}") = "src", "src", "{36121928-7F25-4664-A3A8-7811DD0E0CFB}"
EndProject
Project("{2150E333-8FDC-42A3-9474-1A3956D46DE8}") = "Application", "Application", "{920BA92C-5E90-40DD-ADB7-46686E636032}"
EndProject
Project("{2150E333-8FDC-42A3-9474-1A3956D46DE8}") = "Domain", "Domain", "{849F342A-1620-497E-A85F-7F51232AC84E}"
EndProject
Project("{2150E333-8FDC-42A3-9474-1A3956D46DE8}") = "Infrastructure", "Infrastructure", "{1C136E76-6DBA-4D12-8D65-BE4510678ED9}"
EndProject
Project("{2150E333-8FDC-42A3-9474-1A3956D46DE8}") = "WebAPI", "WebAPI", "{4B14F679-F143-4EC7-B101-EF723C93BA64}"
EndProject
Project("{2150E333-8FDC-42A3-9474-1A3956D46DE8}") = "WebUI", "WebUI", "{F01F3C92-29BD-4EFD-94A1-E7BFF5706391}"
EndProject
Project("{9A19103F-16F7-4668-BE54-9A1E7A4F7556}") = "AgileApp.Entities", "AgileApp.Entities\AgileApp.Entities.csproj", "{D63C0B60-F29D-43DE-9742-1DC5AFF6270A}"
EndProject
Project("{9A19103F-16F7-4668-BE54-9A1E7A4F7556}") = "AgileAppMVC", "AgileAppMVC\AgileAppMVC.csproj", "{BD2DC652-7165-4F70-818C-EB37427C17DB}"
EndProject
Project("{9A19103F-16F7-4668-BE54-9A1E7A4F7556}") = "AgileApp.Infrastructure", "AgileApp.Infrastructure\AgileApp.Infrastructure.csproj", "{BBC1AF57-18EC-447C-B912-24066A7BA7BC}"
EndProject
Project("{9A19103F-16F7-4668-BE54-9A1E7A4F7556}") = "AgileApp.Services", "AgileApp.Services\AgileApp.Services.csproj", "{64A821BA-3ACA-4317-A1ED-0A9B1A820EAD}"
EndProject
Project("{9A19103F-16F7-4668-BE54-9A1E7A4F7556}") = "AgileApp.DataTransferObject", "AgileApp.DataTransferObject\AgileApp.DataTransferObject.csproj", "{0F53B5B7-634D-4936-80C2-48EE4AFFAC38}"
EndProject
Project("{FAE04EC0-301F-11D3-BF4B-00C04F79EFBC}") = "AgileAppAPI", "AgileAppAPI\AgileAppAPI.csproj", "{268D7F6C-FFAD-4822-8DF0-B9EFD019BE7A}"
EndProject
Global
	GlobalSection(SolutionConfigurationPlatforms) = preSolution
		Debug|Any CPU = Debug|Any CPU
		Release|Any CPU = Release|Any CPU
	EndGlobalSection
	GlobalSection(ProjectConfigurationPlatforms) = postSolution
		{D63C0B60-F29D-43DE-9742-1DC5AFF6270A}.Debug|Any CPU.ActiveCfg = Debug|Any CPU
		{D63C0B60-F29D-43DE-9742-1DC5AFF6270A}.Debug|Any CPU.Build.0 = Debug|Any CPU
		{D63C0B60-F29D-43DE-9742-1DC5AFF6270A}.Release|Any CPU.ActiveCfg = Release|Any CPU
		{D63C0B60-F29D-43DE-9742-1DC5AFF6270A}.Release|Any CPU.Build.0 = Release|Any CPU
		{BD2DC652-7165-4F70-818C-EB37427C17DB}.Debug|Any CPU.ActiveCfg = Debug|Any CPU
		{BD2DC652-7165-4F70-818C-EB37427C17DB}.Debug|Any CPU.Build.0 = Debug|Any CPU
		{BD2DC652-7165-4F70-818C-EB37427C17DB}.Release|Any CPU.ActiveCfg = Release|Any CPU
		{BD2DC652-7165-4F70-818C-EB37427C17DB}.Release|Any CPU.Build.0 = Release|Any CPU
		{BBC1AF57-18EC-447C-B912-24066A7BA7BC}.Debug|Any CPU.ActiveCfg = Debug|Any CPU
		{BBC1AF57-18EC-447C-B912-24066A7BA7BC}.Debug|Any CPU.Build.0 = Debug|Any CPU
		{BBC1AF57-18EC-447C-B912-24066A7BA7BC}.Release|Any CPU.ActiveCfg = Release|Any CPU
		{BBC1AF57-18EC-447C-B912-24066A7BA7BC}.Release|Any CPU.Build.0 = Release|Any CPU
		{64A821BA-3ACA-4317-A1ED-0A9B1A820EAD}.Debug|Any CPU.ActiveCfg = Debug|Any CPU
		{64A821BA-3ACA-4317-A1ED-0A9B1A820EAD}.Debug|Any CPU.Build.0 = Debug|Any CPU
		{64A821BA-3ACA-4317-A1ED-0A9B1A820EAD}.Release|Any CPU.ActiveCfg = Release|Any CPU
		{64A821BA-3ACA-4317-A1ED-0A9B1A820EAD}.Release|Any CPU.Build.0 = Release|Any CPU
		{0F53B5B7-634D-4936-80C2-48EE4AFFAC38}.Debug|Any CPU.ActiveCfg = Debug|Any CPU
		{0F53B5B7-634D-4936-80C2-48EE4AFFAC38}.Debug|Any CPU.Build.0 = Debug|Any CPU
		{0F53B5B7-634D-4936-80C2-48EE4AFFAC38}.Release|Any CPU.ActiveCfg = Release|Any CPU
		{0F53B5B7-634D-4936-80C2-48EE4AFFAC38}.Release|Any CPU.Build.0 = Release|Any CPU
		{268D7F6C-FFAD-4822-8DF0-B9EFD019BE7A}.Debug|Any CPU.ActiveCfg = Debug|Any CPU
		{268D7F6C-FFAD-4822-8DF0-B9EFD019BE7A}.Debug|Any CPU.Build.0 = Debug|Any CPU
		{268D7F6C-FFAD-4822-8DF0-B9EFD019BE7A}.Release|Any CPU.ActiveCfg = Release|Any CPU
		{268D7F6C-FFAD-4822-8DF0-B9EFD019BE7A}.Release|Any CPU.Build.0 = Release|Any CPU
	EndGlobalSection
	GlobalSection(SolutionProperties) = preSolution
		HideSolutionNode = FALSE
	EndGlobalSection
	GlobalSection(NestedProjects) = preSolution
		{920BA92C-5E90-40DD-ADB7-46686E636032} = {36121928-7F25-4664-A3A8-7811DD0E0CFB}
		{849F342A-1620-497E-A85F-7F51232AC84E} = {36121928-7F25-4664-A3A8-7811DD0E0CFB}
		{1C136E76-6DBA-4D12-8D65-BE4510678ED9} = {36121928-7F25-4664-A3A8-7811DD0E0CFB}
		{4B14F679-F143-4EC7-B101-EF723C93BA64} = {36121928-7F25-4664-A3A8-7811DD0E0CFB}
		{F01F3C92-29BD-4EFD-94A1-E7BFF5706391} = {36121928-7F25-4664-A3A8-7811DD0E0CFB}
		{D63C0B60-F29D-43DE-9742-1DC5AFF6270A} = {849F342A-1620-497E-A85F-7F51232AC84E}
		{BD2DC652-7165-4F70-818C-EB37427C17DB} = {F01F3C92-29BD-4EFD-94A1-E7BFF5706391}
		{BBC1AF57-18EC-447C-B912-24066A7BA7BC} = {1C136E76-6DBA-4D12-8D65-BE4510678ED9}
		{64A821BA-3ACA-4317-A1ED-0A9B1A820EAD} = {920BA92C-5E90-40DD-ADB7-46686E636032}
		{0F53B5B7-634D-4936-80C2-48EE4AFFAC38} = {920BA92C-5E90-40DD-ADB7-46686E636032}
		{268D7F6C-FFAD-4822-8DF0-B9EFD019BE7A} = {4B14F679-F143-4EC7-B101-EF723C93BA64}
	EndGlobalSection
	GlobalSection(ExtensibilityGlobals) = postSolution
		SolutionGuid = {3741219A-B6E7-4C10-BA6E-FDD234F3C2F3}
	EndGlobalSection
EndGlobal
